<Solution>
  <Folder Name="/src/">
    <Project Path="src/FreeSpace.Api/FreeSpace.Api.csproj" />
    <Project Path="src/FreeSpace.Contracts/FreeSpace.Contracts.csproj" />
    <Project Path="src/FreeSpace.Desktop.Core/FreeSpace.Desktop.Core.csproj" />
    <Project Path="src/FreeSpace.Desktop/FreeSpace.Desktop.csproj" />
    <Project Path="src/FreeSpace.Domain/FreeSpace.Domain.csproj" />
    <Project Path="src/FreeSpace.Infrastructure/FreeSpace.Infrastructure.csproj" />
  </Folder>
  <Folder Name="/tests/">
    <Project Path="tests/FreeSpace.Desktop.Tests/FreeSpace.Desktop.Tests.csproj" />
    <Project Path="tests/FreeSpace.Tests/FreeSpace.Tests.csproj" />
  </Folder>
</Solution>
